
Microsoft Visual Studio Solution File, Format Version 12.00
# Visual Studio Version 17
VisualStudioVersion = 17.13.35913.81 d17.13
MinimumVisualStudioVersion = 10.0.40219.1
Project("{FAE04EC0-301F-11D3-BF4B-00C04F79EFBC}") = "MailServiceMetodology", "MailServiceMetodology.csproj", "{6BA0DCA3-AD9B-491F-B818-C39BDBB346BA}"
EndProject
Global
	GlobalSection(SolutionConfigurationPlatforms) = preSolution
		Debug|Any CPU = Debug|Any CPU
		Release|Any CPU = Release|Any CPU
	EndGlobalSection
	GlobalSection(ProjectConfigurationPlatforms) = postSolution
		{6BA0DCA3-AD9B-491F-B818-C39BDBB346BA}.Debug|Any CPU.ActiveCfg = Debug|Any CPU
		{6BA0DCA3-AD9B-491F-B818-C39BDBB346BA}.Debug|Any CPU.Build.0 = Debug|Any CPU
		{6BA0DCA3-AD9B-491F-B818-C39BDBB346BA}.Release|Any CPU.ActiveCfg = Release|Any CPU
		{6BA0DCA3-AD9B-491F-B818-C39BDBB346BA}.Release|Any CPU.Build.0 = Release|Any CPU
	EndGlobalSection
	GlobalSection(SolutionProperties) = preSolution
		HideSolutionNode = FALSE
	EndGlobalSection
	GlobalSection(ExtensibilityGlobals) = postSolution
		SolutionGuid = {823F2295-EEFC-4980-94B1-C685823F1F43}
	EndGlobalSection
EndGlobal
